// !$*UTF8*$!
{
	archiveVersion = 1;
	classes = {
	};
	objectVersion = 77;
	objects = {

/* Begin PBXBuildFile section */
		3216D5EC2D71F40300F299BF /* Presentation in Frameworks */ = {isa = PBXBuildFile; productRef = 3278C7D42D6FD3F20056B4D8 /* Presentation */; };
		3216D5ED2D71F40300F299BF /* Presentation in Frameworks */ = {isa = PBXBuildFile; productRef = 320211ED2D70019C00DD030A /* Presentation */; };
		3216D5EE2D71F40300F299BF /* Presentation in Frameworks */ = {isa = PBXBuildFile; productRef = 32CB60192D70081F00643C92 /* Presentation */; };
		32CB600D2D70081000643C92 /* Presentation in Frameworks */ = {isa = PBXBuildFile; productRef = 32350C4A2D70046200367609 /* Presentation */; };
/* End PBXBuildFile section */

/* Begin PBXContainerItemProxy section */
		3278C7B62D6FD32A0056B4D8 /* PBXContainerItemProxy */ = {
			isa = PBXContainerItemProxy;
			containerPortal = 3278C79D2D6FD3290056B4D8 /* Project object */;
			proxyType = 1;
			remoteGlobalIDString = 3278C7A42D6FD3290056B4D8;
			remoteInfo = ModularTemplate;
		};
/* End PBXContainerItemProxy section */

/* Begin PBXFileReference section */
		3216D5E22D71EDB800F299BF /* ModularTemplate.xctestplan */ = {isa = PBXFileReference; lastKnownFileType = text; path = ModularTemplate.xctestplan; sourceTree = "<group>"; };
		3278C7A52D6FD3290056B4D8 /* ModularTemplate.app */ = {isa = PBXFileReference; explicitFileType = wrapper.application; includeInIndex = 0; path = ModularTemplate.app; sourceTree = BUILT_PRODUCTS_DIR; };
		3278C7B52D6FD32A0056B4D8 /* ModularTemplateTests.xctest */ = {isa = PBXFileReference; explicitFileType = wrapper.cfbundle; includeInIndex = 0; path = ModularTemplateTests.xctest; sourceTree = BUILT_PRODUCTS_DIR; };
/* End PBXFileReference section */

/* Begin PBXFileSystemSynchronizedRootGroup section */
		3278C7A72D6FD3290056B4D8 /* ModularTemplate */ = {
			isa = PBXFileSystemSynchronizedRootGroup;
			path = ModularTemplate;
			sourceTree = "<group>";
		};
		3278C7B82D6FD32A0056B4D8 /* ModularTemplateTests */ = {
			isa = PBXFileSystemSynchronizedRootGroup;
			path = ModularTemplateTests;
			sourceTree = "<group>";
		};
/* End PBXFileSystemSynchronizedRootGroup section */

/* Begin PBXFrameworksBuildPhase section */
		3278C7A22D6FD3290056B4D8 /* Frameworks */ = {
			isa = PBXFrameworksBuildPhase;
			buildActionMask = 2147483647;
			files = (
				3216D5EE2D71F40300F299BF /* Presentation in Frameworks */,
				3216D5ED2D71F40300F299BF /* Presentation in Frameworks */,
				3216D5EC2D71F40300F299BF /* Presentation in Frameworks */,
				32CB600D2D70081000643C92 /* Presentation in Frameworks */,
			);
			runOnlyForDeploymentPostprocessing = 0;
		};
		3278C7B22D6FD32A0056B4D8 /* Frameworks */ = {
			isa = PBXFrameworksBuildPhase;
			buildActionMask = 2147483647;
			files = (
			);
			runOnlyForDeploymentPostprocessing = 0;
		};
/* End PBXFrameworksBuildPhase section */

/* Begin PBXGroup section */
		3278C79C2D6FD3290056B4D8 = {
			isa = PBXGroup;
			children = (
				3216D5E22D71EDB800F299BF /* ModularTemplate.xctestplan */,
				3278C7A72D6FD3290056B4D8 /* ModularTemplate */,
				3278C7B82D6FD32A0056B4D8 /* ModularTemplateTests */,
				3278C7A62D6FD3290056B4D8 /* Products */,
			);
			sourceTree = "<group>";
		};
		3278C7A62D6FD3290056B4D8 /* Products */ = {
			isa = PBXGroup;
			children = (
				3278C7A52D6FD3290056B4D8 /* ModularTemplate.app */,
				3278C7B52D6FD32A0056B4D8 /* ModularTemplateTests.xctest */,
			);
			name = Products;
			sourceTree = "<group>";
		};
/* End PBXGroup section */

/* Begin PBXNativeTarget section */
		3278C7A42D6FD3290056B4D8 /* ModularTemplate */ = {
			isa = PBXNativeTarget;
			buildConfigurationList = 3278C7C92D6FD32A0056B4D8 /* Build configuration list for PBXNativeTarget "ModularTemplate" */;
			buildPhases = (
				3278C7A12D6FD3290056B4D8 /* Sources */,
				3278C7A22D6FD3290056B4D8 /* Frameworks */,
				3278C7A32D6FD3290056B4D8 /* Resources */,
			);
			buildRules = (
			);
			dependencies = (
			);
			fileSystemSynchronizedGroups = (
				3278C7A72D6FD3290056B4D8 /* ModularTemplate */,
			);
			name = ModularTemplate;
			packageProductDependencies = (
				3278C7D42D6FD3F20056B4D8 /* Presentation */,
				320211ED2D70019C00DD030A /* Presentation */,
				32350C4A2D70046200367609 /* Presentation */,
				32CB60192D70081F00643C92 /* Presentation */,
			);
			productName = ModularTemplate;
			productReference = 3278C7A52D6FD3290056B4D8 /* ModularTemplate.app */;
			productType = "com.apple.product-type.application";
		};
		3278C7B42D6FD32A0056B4D8 /* ModularTemplateTests */ = {
			isa = PBXNativeTarget;
			buildConfigurationList = 3278C7CC2D6FD32A0056B4D8 /* Build configuration list for PBXNativeTarget "ModularTemplateTests" */;
			buildPhases = (
				3278C7B12D6FD32A0056B4D8 /* Sources */,
				3278C7B22D6FD32A0056B4D8 /* Frameworks */,
				3278C7B32D6FD32A0056B4D8 /* Resources */,
			);
			buildRules = (
			);
			dependencies = (
				3278C7B72D6FD32A0056B4D8 /* PBXTargetDependency */,
			);
			fileSystemSynchronizedGroups = (
				3278C7B82D6FD32A0056B4D8 /* ModularTemplateTests */,
			);
			name = ModularTemplateTests;
			packageProductDependencies = (
			);
			productName = ModularTemplateTests;
			productReference = 3278C7B52D6FD32A0056B4D8 /* ModularTemplateTests.xctest */;
			productType = "com.apple.product-type.bundle.unit-test";
		};
/* End PBXNativeTarget section */

/* Begin PBXProject section */
		3278C79D2D6FD3290056B4D8 /* Project object */ = {
			isa = PBXProject;
			attributes = {
				BuildIndependentTargetsInParallel = 1;
				LastSwiftUpdateCheck = 1620;
				LastUpgradeCheck = 1620;
				TargetAttributes = {
					3278C7A42D6FD3290056B4D8 = {
						CreatedOnToolsVersion = 16.2;
					};
					3278C7B42D6FD32A0056B4D8 = {
						CreatedOnToolsVersion = 16.2;
						TestTargetID = 3278C7A42D6FD3290056B4D8;
					};
				};
			};
			buildConfigurationList = 3278C7A02D6FD3290056B4D8 /* Build configuration list for PBXProject "ModularTemplate" */;
			developmentRegion = en;
			hasScannedForEncodings = 0;
			knownRegions = (
				en,
				Base,
			);
			mainGroup = 3278C79C2D6FD3290056B4D8;
			minimizedProjectReferenceProxies = 1;
			packageReferences = (
				328E1CC92D709FC400F9D2CB /* XCLocalSwiftPackageReference "Packages/PresentationLayer/Presentation" */,
			);
			preferredProjectObjectVersion = 77;
			productRefGroup = 3278C7A62D6FD3290056B4D8 /* Products */;
			projectDirPath = "";
			projectRoot = "";
			targets = (
				3278C7A42D6FD3290056B4D8 /* ModularTemplate */,
				3278C7B42D6FD32A0056B4D8 /* ModularTemplateTests */,
			);
		};
/* End PBXProject section */

/* Begin PBXResourcesBuildPhase section */
		3278C7A32D6FD3290056B4D8 /* Resources */ = {
			isa = PBXResourcesBuildPhase;
			buildActionMask = 2147483647;
			files = (
			);
			runOnlyForDeploymentPostprocessing = 0;
		};
		3278C7B32D6FD32A0056B4D8 /* Resources */ = {
			isa = PBXResourcesBuildPhase;
			buildActionMask = 2147483647;
			files = (
			);
			runOnlyForDeploymentPostprocessing = 0;
		};
/* End PBXResourcesBuildPhase section */

/* Begin PBXSourcesBuildPhase section */
		3278C7A12D6FD3290056B4D8 /* Sources */ = {
			isa = PBXSourcesBuildPhase;
			buildActionMask = 2147483647;
			files = (
			);
			runOnlyForDeploymentPostprocessing = 0;
		};
		3278C7B12D6FD32A0056B4D8 /* Sources */ = {
			isa = PBXSourcesBuildPhase;
			buildActionMask = 2147483647;
			files = (
			);
			runOnlyForDeploymentPostprocessing = 0;
		};
/* End PBXSourcesBuildPhase section */

/* Begin PBXTargetDependency section */
		3278C7B72D6FD32A0056B4D8 /* PBXTargetDependency */ = {
			isa = PBXTargetDependency;
			target = 3278C7A42D6FD3290056B4D8 /* ModularTemplate */;
			targetProxy = 3278C7B62D6FD32A0056B4D8 /* PBXContainerItemProxy */;
		};
/* End PBXTargetDependency section */

/* Begin XCBuildConfiguration section */
		3278C7C72D6FD32A0056B4D8 /* Debug */ = {
			isa = XCBuildConfiguration;
			buildSettings = {
				ALWAYS_SEARCH_USER_PATHS = NO;
				ASSETCATALOG_COMPILER_GENERATE_SWIFT_ASSET_SYMBOL_EXTENSIONS = YES;
				CLANG_ANALYZER_NONNULL = YES;
				CLANG_ANALYZER_NUMBER_OBJECT_CONVERSION = YES_AGGRESSIVE;
				CLANG_CXX_LANGUAGE_STANDARD = "gnu++20";
				CLANG_ENABLE_MODULES = YES;
				CLANG_ENABLE_OBJC_ARC = YES;
				CLANG_ENABLE_OBJC_WEAK = YES;
				CLANG_WARN_BLOCK_CAPTURE_AUTORELEASING = YES;
				CLANG_WARN_BOOL_CONVERSION = YES;
				CLANG_WARN_COMMA = YES;
				CLANG_WARN_CONSTANT_CONVERSION = YES;
				CLANG_WARN_DEPRECATED_OBJC_IMPLEMENTATIONS = YES;
				CLANG_WARN_DIRECT_OBJC_ISA_USAGE = YES_ERROR;
				CLANG_WARN_DOCUMENTATION_COMMENTS = YES;
				CLANG_WARN_EMPTY_BODY = YES;
				CLANG_WARN_ENUM_CONVERSION = YES;
				CLANG_WARN_INFINITE_RECURSION = YES;
				CLANG_WARN_INT_CONVERSION = YES;
				CLANG_WARN_NON_LITERAL_NULL_CONVERSION = YES;
				CLANG_WARN_OBJC_IMPLICIT_RETAIN_SELF = YES;
				CLANG_WARN_OBJC_LITERAL_CONVERSION = YES;
				CLANG_WARN_OBJC_ROOT_CLASS = YES_ERROR;
				CLANG_WARN_QUOTED_INCLUDE_IN_FRAMEWORK_HEADER = YES;
				CLANG_WARN_RANGE_LOOP_ANALYSIS = YES;
				CLANG_WARN_STRICT_PROTOTYPES = YES;
				CLANG_WARN_SUSPICIOUS_MOVE = YES;
				CLANG_WARN_UNGUARDED_AVAILABILITY = YES_AGGRESSIVE;
				CLANG_WARN_UNREACHABLE_CODE = YES;
				CLANG_WARN__DUPLICATE_METHOD_MATCH = YES;
				COPY_PHASE_STRIP = NO;
				DEBUG_INFORMATION_FORMAT = dwarf;
				ENABLE_STRICT_OBJC_MSGSEND = YES;
				ENABLE_TESTABILITY = YES;
				ENABLE_USER_SCRIPT_SANDBOXING = YES;
				GCC_C_LANGUAGE_STANDARD = gnu17;
				GCC_DYNAMIC_NO_PIC = NO;
				GCC_NO_COMMON_BLOCKS = YES;
				GCC_OPTIMIZATION_LEVEL = 0;
				GCC_PREPROCESSOR_DEFINITIONS = (
					"DEBUG=1",
					"$(inherited)",
				);
				GCC_WARN_64_TO_32_BIT_CONVERSION = YES;
				GCC_WARN_ABOUT_RETURN_TYPE = YES_ERROR;
				GCC_WARN_UNDECLARED_SELECTOR = YES;
				GCC_WARN_UNINITIALIZED_AUTOS = YES_AGGRESSIVE;
				GCC_WARN_UNUSED_FUNCTION = YES;
				GCC_WARN_UNUSED_VARIABLE = YES;
				IPHONEOS_DEPLOYMENT_TARGET = 18.2;
				LOCALIZATION_PREFERS_STRING_CATALOGS = YES;
				MTL_ENABLE_DEBUG_INFO = INCLUDE_SOURCE;
				MTL_FAST_MATH = YES;
				ONLY_ACTIVE_ARCH = YES;
				SDKROOT = iphoneos;
				SWIFT_ACTIVE_COMPILATION_CONDITIONS = "DEBUG $(inherited)";
				SWIFT_OPTIMIZATION_LEVEL = "-Onone";
			};
			name = Debug;
		};
		3278C7C82D6FD32A0056B4D8 /* Release */ = {
			isa = XCBuildConfiguration;
			buildSettings = {
				ALWAYS_SEARCH_USER_PATHS = NO;
				ASSETCATALOG_COMPILER_GENERATE_SWIFT_ASSET_SYMBOL_EXTENSIONS = YES;
				CLANG_ANALYZER_NONNULL = YES;
				CLANG_ANALYZER_NUMBER_OBJECT_CONVERSION = YES_AGGRESSIVE;
				CLANG_CXX_LANGUAGE_STANDARD = "gnu++20";
				CLANG_ENABLE_MODULES = YES;
				CLANG_ENABLE_OBJC_ARC = YES;
				CLANG_ENABLE_OBJC_WEAK = YES;
				CLANG_WARN_BLOCK_CAPTURE_AUTORELEASING = YES;
				CLANG_WARN_BOOL_CONVERSION = YES;
				CLANG_WARN_COMMA = YES;
				CLANG_WARN_CONSTANT_CONVERSION = YES;
				CLANG_WARN_DEPRECATED_OBJC_IMPLEMENTATIONS = YES;
				CLANG_WARN_DIRECT_OBJC_ISA_USAGE = YES_ERROR;
				CLANG_WARN_DOCUMENTATION_COMMENTS = YES;
				CLANG_WARN_EMPTY_BODY = YES;
				CLANG_WARN_ENUM_CONVERSION = YES;
				CLANG_WARN_INFINITE_RECURSION = YES;
				CLANG_WARN_INT_CONVERSION = YES;
				CLANG_WARN_NON_LITERAL_NULL_CONVERSION = YES;
				CLANG_WARN_OBJC_IMPLICIT_RETAIN_SELF = YES;
				CLANG_WARN_OBJC_LITERAL_CONVERSION = YES;
				CLANG_WARN_OBJC_ROOT_CLASS = YES_ERROR;
				CLANG_WARN_QUOTED_INCLUDE_IN_FRAMEWORK_HEADER = YES;
				CLANG_WARN_RANGE_LOOP_ANALYSIS = YES;
				CLANG_WARN_STRICT_PROTOTYPES = YES;
				CLANG_WARN_SUSPICIOUS_MOVE = YES;
				CLANG_WARN_UNGUARDED_AVAILABILITY = YES_AGGRESSIVE;
				CLANG_WARN_UNREACHABLE_CODE = YES;
				CLANG_WARN__DUPLICATE_METHOD_MATCH = YES;
				COPY_PHASE_STRIP = NO;
				DEBUG_INFORMATION_FORMAT = "dwarf-with-dsym";
				ENABLE_NS_ASSERTIONS = NO;
				ENABLE_STRICT_OBJC_MSGSEND = YES;
				ENABLE_USER_SCRIPT_SANDBOXING = YES;
				GCC_C_LANGUAGE_STANDARD = gnu17;
				GCC_NO_COMMON_BLOCKS = YES;
				GCC_WARN_64_TO_32_BIT_CONVERSION = YES;
				GCC_WARN_ABOUT_RETURN_TYPE = YES_ERROR;
				GCC_WARN_UNDECLARED_SELECTOR = YES;
				GCC_WARN_UNINITIALIZED_AUTOS = YES_AGGRESSIVE;
				GCC_WARN_UNUSED_FUNCTION = YES;
				GCC_WARN_UNUSED_VARIABLE = YES;
				IPHONEOS_DEPLOYMENT_TARGET = 18.2;
				LOCALIZATION_PREFERS_STRING_CATALOGS = YES;
				MTL_ENABLE_DEBUG_INFO = NO;
				MTL_FAST_MATH = YES;
				SDKROOT = iphoneos;
				SWIFT_COMPILATION_MODE = wholemodule;
				VALIDATE_PRODUCT = YES;
			};
			name = Release;
		};
		3278C7CA2D6FD32A0056B4D8 /* Debug */ = {
			isa = XCBuildConfiguration;
			buildSettings = {
				ASSETCATALOG_COMPILER_APPICON_NAME = AppIcon;
				ASSETCATALOG_COMPILER_GLOBAL_ACCENT_COLOR_NAME = AccentColor;
				CODE_SIGN_STYLE = Automatic;
				CURRENT_PROJECT_VERSION = 1;
				DEVELOPMENT_ASSET_PATHS = "\"ModularTemplate/Preview Content\"";
				ENABLE_PREVIEWS = YES;
				GENERATE_INFOPLIST_FILE = YES;
				INFOPLIST_KEY_UIApplicationSceneManifest_Generation = YES;
				INFOPLIST_KEY_UIApplicationSupportsIndirectInputEvents = YES;
				INFOPLIST_KEY_UILaunchScreen_Generation = YES;
				INFOPLIST_KEY_UISupportedInterfaceOrientations_iPad = "UIInterfaceOrientationPortrait UIInterfaceOrientationPortraitUpsideDown UIInterfaceOrientationLandscapeLeft UIInterfaceOrientationLandscapeRight";
				INFOPLIST_KEY_UISupportedInterfaceOrientations_iPhone = "UIInterfaceOrientationPortrait UIInterfaceOrientationLandscapeLeft UIInterfaceOrientationLandscapeRight";
				LD_RUNPATH_SEARCH_PATHS = (
					"$(inherited)",
					"@executable_path/Frameworks",
				);
				MARKETING_VERSION = 1.0;
				PRODUCT_BUNDLE_IDENTIFIER = mdb.ModularTemplate;
				PRODUCT_NAME = "$(TARGET_NAME)";
				SWIFT_EMIT_LOC_STRINGS = YES;
				SWIFT_VERSION = 5.0;
				TARGETED_DEVICE_FAMILY = "1,2";
			};
			name = Debug;
		};
		3278C7CB2D6FD32A0056B4D8 /* Release */ = {
			isa = XCBuildConfiguration;
			buildSettings = {
				ASSETCATALOG_COMPILER_APPICON_NAME = AppIcon;
				ASSETCATALOG_COMPILER_GLOBAL_ACCENT_COLOR_NAME = AccentColor;
				CODE_SIGN_STYLE = Automatic;
				CURRENT_PROJECT_VERSION = 1;
				DEVELOPMENT_ASSET_PATHS = "\"ModularTemplate/Preview Content\"";
				ENABLE_PREVIEWS = YES;
				GENERATE_INFOPLIST_FILE = YES;
				INFOPLIST_KEY_UIApplicationSceneManifest_Generation = YES;
				INFOPLIST_KEY_UIApplicationSupportsIndirectInputEvents = YES;
				INFOPLIST_KEY_UILaunchScreen_Generation = YES;
				INFOPLIST_KEY_UISupportedInterfaceOrientations_iPad = "UIInterfaceOrientationPortrait UIInterfaceOrientationPortraitUpsideDown UIInterfaceOrientationLandscapeLeft UIInterfaceOrientationLandscapeRight";
				INFOPLIST_KEY_UISupportedInterfaceOrientations_iPhone = "UIInterfaceOrientationPortrait UIInterfaceOrientationLandscapeLeft UIInterfaceOrientationLandscapeRight";
				LD_RUNPATH_SEARCH_PATHS = (
					"$(inherited)",
					"@executable_path/Frameworks",
				);
				MARKETING_VERSION = 1.0;
				PRODUCT_BUNDLE_IDENTIFIER = mdb.ModularTemplate;
				PRODUCT_NAME = "$(TARGET_NAME)";
				SWIFT_EMIT_LOC_STRINGS = YES;
				SWIFT_VERSION = 5.0;
				TARGETED_DEVICE_FAMILY = "1,2";
			};
			name = Release;
		};
		3278C7CD2D6FD32A0056B4D8 /* Debug */ = {
			isa = XCBuildConfiguration;
			buildSettings = {
				BUNDLE_LOADER = "$(TEST_HOST)";
				CODE_SIGN_STYLE = Automatic;
				CURRENT_PROJECT_VERSION = 1;
				GENERATE_INFOPLIST_FILE = YES;
				IPHONEOS_DEPLOYMENT_TARGET = 18.2;
				MARKETING_VERSION = 1.0;
				PRODUCT_BUNDLE_IDENTIFIER = mdb.ModularTemplateTests;
				PRODUCT_NAME = "$(TARGET_NAME)";
				SWIFT_EMIT_LOC_STRINGS = NO;
				SWIFT_VERSION = 5.0;
				TARGETED_DEVICE_FAMILY = "1,2";
				TEST_HOST = "$(BUILT_PRODUCTS_DIR)/ModularTemplate.app/$(BUNDLE_EXECUTABLE_FOLDER_PATH)/ModularTemplate";
			};
			name = Debug;
		};
		3278C7CE2D6FD32A0056B4D8 /* Release */ = {
			isa = XCBuildConfiguration;
			buildSettings = {
				BUNDLE_LOADER = "$(TEST_HOST)";
				CODE_SIGN_STYLE = Automatic;
				CURRENT_PROJECT_VERSION = 1;
				GENERATE_INFOPLIST_FILE = YES;
				IPHONEOS_DEPLOYMENT_TARGET = 18.2;
				MARKETING_VERSION = 1.0;
				PRODUCT_BUNDLE_IDENTIFIER = mdb.ModularTemplateTests;
				PRODUCT_NAME = "$(TARGET_NAME)";
				SWIFT_EMIT_LOC_STRINGS = NO;
				SWIFT_VERSION = 5.0;
				TARGETED_DEVICE_FAMILY = "1,2";
				TEST_HOST = "$(BUILT_PRODUCTS_DIR)/ModularTemplate.app/$(BUNDLE_EXECUTABLE_FOLDER_PATH)/ModularTemplate";
			};
			name = Release;
		};
/* End XCBuildConfiguration section */

/* Begin XCConfigurationList section */
		3278C7A02D6FD3290056B4D8 /* Build configuration list for PBXProject "ModularTemplate" */ = {
			isa = XCConfigurationList;
			buildConfigurations = (
				3278C7C72D6FD32A0056B4D8 /* Debug */,
				3278C7C82D6FD32A0056B4D8 /* Release */,
			);
			defaultConfigurationIsVisible = 0;
			defaultConfigurationName = Release;
		};
		3278C7C92D6FD32A0056B4D8 /* Build configuration list for PBXNativeTarget "ModularTemplate" */ = {
			isa = XCConfigurationList;
			buildConfigurations = (
				3278C7CA2D6FD32A0056B4D8 /* Debug */,
				3278C7CB2D6FD32A0056B4D8 /* Release */,
			);
			defaultConfigurationIsVisible = 0;
			defaultConfigurationName = Release;
		};
		3278C7CC2D6FD32A0056B4D8 /* Build configuration list for PBXNativeTarget "ModularTemplateTests" */ = {
			isa = XCConfigurationList;
			buildConfigurations = (
				3278C7CD2D6FD32A0056B4D8 /* Debug */,
				3278C7CE2D6FD32A0056B4D8 /* Release */,
			);
			defaultConfigurationIsVisible = 0;
			defaultConfigurationName = Release;
		};
/* End XCConfigurationList section */

/* Begin XCLocalSwiftPackageReference section */
		328E1CC92D709FC400F9D2CB /* XCLocalSwiftPackageReference "Packages/PresentationLayer/Presentation" */ = {
			isa = XCLocalSwiftPackageReference;
			relativePath = Packages/PresentationLayer/Presentation;
		};
/* End XCLocalSwiftPackageReference section */

/* Begin XCSwiftPackageProductDependency section */
		320211ED2D70019C00DD030A /* Presentation */ = {
			isa = XCSwiftPackageProductDependency;
			productName = Presentation;
		};
		32350C4A2D70046200367609 /* Presentation */ = {
			isa = XCSwiftPackageProductDependency;
			productName = Presentation;
		};
		3278C7D42D6FD3F20056B4D8 /* Presentation */ = {
			isa = XCSwiftPackageProductDependency;
			productName = Presentation;
		};
		32CB60192D70081F00643C92 /* Presentation */ = {
			isa = XCSwiftPackageProductDependency;
			productName = Presentation;
		};
/* End XCSwiftPackageProductDependency section */
	};
	rootObject = 3278C79D2D6FD3290056B4D8 /* Project object */;
}
